// !$*UTF8*$!
{
	archiveVersion = 1;
	classes = {
	};
	objectVersion = 46;
	objects = {

/* Begin PBXBuildFile section */
		495531BE1C9B20FB00E24C99 /* AppDelegate.swift in Sources */ = {isa = PBXBuildFile; fileRef = 495531BD1C9B20FB00E24C99 /* AppDelegate.swift */; };
		495531C01C9B20FB00E24C99 /* ViewController.swift in Sources */ = {isa = PBXBuildFile; fileRef = 495531BF1C9B20FB00E24C99 /* ViewController.swift */; };
		495531C31C9B20FB00E24C99 /* Main.storyboard in Resources */ = {isa = PBXBuildFile; fileRef = 495531C11C9B20FB00E24C99 /* Main.storyboard */; };
		495531C51C9B20FB00E24C99 /* Assets.xcassets in Resources */ = {isa = PBXBuildFile; fileRef = 495531C41C9B20FB00E24C99 /* Assets.xcassets */; };
		495531C81C9B20FB00E24C99 /* LaunchScreen.storyboard in Resources */ = {isa = PBXBuildFile; fileRef = 495531C61C9B20FB00E24C99 /* LaunchScreen.storyboard */; };
		495531D31C9B20FC00E24C99 /* velocimetrodigitalTests.swift in Sources */ = {isa = PBXBuildFile; fileRef = 495531D21C9B20FC00E24C99 /* velocimetrodigitalTests.swift */; };
		495531DE1C9B20FC00E24C99 /* velocimetrodigitalUITests.swift in Sources */ = {isa = PBXBuildFile; fileRef = 495531DD1C9B20FC00E24C99 /* velocimetrodigitalUITests.swift */; };
/* End PBXBuildFile section */

/* Begin PBXContainerItemProxy section */
		495531CF1C9B20FC00E24C99 /* PBXContainerItemProxy */ = {
			isa = PBXContainerItemProxy;
			containerPortal = 495531B21C9B20F800E24C99 /* Project object */;
			proxyType = 1;
			remoteGlobalIDString = 495531B91C9B20F900E24C99;
			remoteInfo = velocimetrodigital;
		};
		495531DA1C9B20FC00E24C99 /* PBXContainerItemProxy */ = {
			isa = PBXContainerItemProxy;
			containerPortal = 495531B21C9B20F800E24C99 /* Project object */;
			proxyType = 1;
			remoteGlobalIDString = 495531B91C9B20F900E24C99;
			remoteInfo = velocimetrodigital;
		};
/* End PBXContainerItemProxy section */

/* Begin PBXFileReference section */
		495531BA1C9B20FA00E24C99 /* velocimetrodigital.app */ = {isa = PBXFileReference; explicitFileType = wrapper.application; includeInIndex = 0; path = velocimetrodigital.app; sourceTree = BUILT_PRODUCTS_DIR; };
		495531BD1C9B20FB00E24C99 /* AppDelegate.swift */ = {isa = PBXFileReference; lastKnownFileType = sourcecode.swift; path = AppDelegate.swift; sourceTree = "<group>"; };
		495531BF1C9B20FB00E24C99 /* ViewController.swift */ = {isa = PBXFileReference; lastKnownFileType = sourcecode.swift; path = ViewController.swift; sourceTree = "<group>"; };
		495531C21C9B20FB00E24C99 /* Base */ = {isa = PBXFileReference; lastKnownFileType = file.storyboard; name = Base; path = Base.lproj/Main.storyboard; sourceTree = "<group>"; };
		495531C41C9B20FB00E24C99 /* Assets.xcassets */ = {isa = PBXFileReference; lastKnownFileType = folder.assetcatalog; path = Assets.xcassets; sourceTree = "<group>"; };
		495531C71C9B20FB00E24C99 /* Base */ = {isa = PBXFileReference; lastKnownFileType = file.storyboard; name = Base; path = Base.lproj/LaunchScreen.storyboard; sourceTree = "<group>"; };
		495531C91C9B20FC00E24C99 /* Info.plist */ = {isa = PBXFileReference; lastKnownFileType = text.plist.xml; path = Info.plist; sourceTree = "<group>"; };
		495531CE1C9B20FC00E24C99 /* velocimetrodigitalTests.xctest */ = {isa = PBXFileReference; explicitFileType = wrapper.cfbundle; includeInIndex = 0; path = velocimetrodigitalTests.xctest; sourceTree = BUILT_PRODUCTS_DIR; };
		495531D21C9B20FC00E24C99 /* velocimetrodigitalTests.swift */ = {isa = PBXFileReference; lastKnownFileType = sourcecode.swift; path = velocimetrodigitalTests.swift; sourceTree = "<group>"; };
		495531D41C9B20FC00E24C99 /* Info.plist */ = {isa = PBXFileReference; lastKnownFileType = text.plist.xml; path = Info.plist; sourceTree = "<group>"; };
		495531D91C9B20FC00E24C99 /* velocimetrodigitalUITests.xctest */ = {isa = PBXFileReference; explicitFileType = wrapper.cfbundle; includeInIndex = 0; path = velocimetrodigitalUITests.xctest; sourceTree = BUILT_PRODUCTS_DIR; };
		495531DD1C9B20FC00E24C99 /* velocimetrodigitalUITests.swift */ = {isa = PBXFileReference; lastKnownFileType = sourcecode.swift; path = velocimetrodigitalUITests.swift; sourceTree = "<group>"; };
		495531DF1C9B20FC00E24C99 /* Info.plist */ = {isa = PBXFileReference; lastKnownFileType = text.plist.xml; path = Info.plist; sourceTree = "<group>"; };
/* End PBXFileReference section */

/* Begin PBXFrameworksBuildPhase section */
		495531B71C9B20F900E24C99 /* Frameworks */ = {
			isa = PBXFrameworksBuildPhase;
			buildActionMask = 2147483647;
			files = (
			);
			runOnlyForDeploymentPostprocessing = 0;
		};
		495531CB1C9B20FC00E24C99 /* Frameworks */ = {
			isa = PBXFrameworksBuildPhase;
			buildActionMask = 2147483647;
			files = (
			);
			runOnlyForDeploymentPostprocessing = 0;
		};
		495531D61C9B20FC00E24C99 /* Frameworks */ = {
			isa = PBXFrameworksBuildPhase;
			buildActionMask = 2147483647;
			files = (
			);
			runOnlyForDeploymentPostprocessing = 0;
		};
/* End PBXFrameworksBuildPhase section */

/* Begin PBXGroup section */
		495531B11C9B20F800E24C99 = {
			isa = PBXGroup;
			children = (
				495531BC1C9B20FA00E24C99 /* velocimetrodigital */,
				495531D11C9B20FC00E24C99 /* velocimetrodigitalTests */,
				495531DC1C9B20FC00E24C99 /* velocimetrodigitalUITests */,
				495531BB1C9B20FA00E24C99 /* Products */,
			);
			sourceTree = "<group>";
		};
		495531BB1C9B20FA00E24C99 /* Products */ = {
			isa = PBXGroup;
			children = (
				495531BA1C9B20FA00E24C99 /* velocimetrodigital.app */,
				495531CE1C9B20FC00E24C99 /* velocimetrodigitalTests.xctest */,
				495531D91C9B20FC00E24C99 /* velocimetrodigitalUITests.xctest */,
			);
			name = Products;
			sourceTree = "<group>";
		};
		495531BC1C9B20FA00E24C99 /* velocimetrodigital */ = {
			isa = PBXGroup;
			children = (
				495531BD1C9B20FB00E24C99 /* AppDelegate.swift */,
				495531BF1C9B20FB00E24C99 /* ViewController.swift */,
				495531C11C9B20FB00E24C99 /* Main.storyboard */,
				495531C41C9B20FB00E24C99 /* Assets.xcassets */,
				495531C61C9B20FB00E24C99 /* LaunchScreen.storyboard */,
				495531C91C9B20FC00E24C99 /* Info.plist */,
			);
			path = velocimetrodigital;
			sourceTree = "<group>";
		};
		495531D11C9B20FC00E24C99 /* velocimetrodigitalTests */ = {
			isa = PBXGroup;
			children = (
				495531D21C9B20FC00E24C99 /* velocimetrodigitalTests.swift */,
				495531D41C9B20FC00E24C99 /* Info.plist */,
			);
			path = velocimetrodigitalTests;
			sourceTree = "<group>";
		};
		495531DC1C9B20FC00E24C99 /* velocimetrodigitalUITests */ = {
			isa = PBXGroup;
			children = (
				495531DD1C9B20FC00E24C99 /* velocimetrodigitalUITests.swift */,
				495531DF1C9B20FC00E24C99 /* Info.plist */,
			);
			path = velocimetrodigitalUITests;
			sourceTree = "<group>";
		};
/* End PBXGroup section */

/* Begin PBXNativeTarget section */
		495531B91C9B20F900E24C99 /* velocimetrodigital */ = {
			isa = PBXNativeTarget;
			buildConfigurationList = 495531E21C9B20FC00E24C99 /* Build configuration list for PBXNativeTarget "velocimetrodigital" */;
			buildPhases = (
				495531B61C9B20F900E24C99 /* Sources */,
				495531B71C9B20F900E24C99 /* Frameworks */,
				495531B81C9B20F900E24C99 /* Resources */,
			);
			buildRules = (
			);
			dependencies = (
			);
			name = velocimetrodigital;
			productName = velocimetrodigital;
			productReference = 495531BA1C9B20FA00E24C99 /* velocimetrodigital.app */;
			productType = "com.apple.product-type.application";
		};
		495531CD1C9B20FC00E24C99 /* velocimetrodigitalTests */ = {
			isa = PBXNativeTarget;
			buildConfigurationList = 495531E51C9B20FC00E24C99 /* Build configuration list for PBXNativeTarget "velocimetrodigitalTests" */;
			buildPhases = (
				495531CA1C9B20FC00E24C99 /* Sources */,
				495531CB1C9B20FC00E24C99 /* Frameworks */,
				495531CC1C9B20FC00E24C99 /* Resources */,
			);
			buildRules = (
			);
			dependencies = (
				495531D01C9B20FC00E24C99 /* PBXTargetDependency */,
			);
			name = velocimetrodigitalTests;
			productName = velocimetrodigitalTests;
			productReference = 495531CE1C9B20FC00E24C99 /* velocimetrodigitalTests.xctest */;
			productType = "com.apple.product-type.bundle.unit-test";
		};
		495531D81C9B20FC00E24C99 /* velocimetrodigitalUITests */ = {
			isa = PBXNativeTarget;
			buildConfigurationList = 495531E81C9B20FC00E24C99 /* Build configuration list for PBXNativeTarget "velocimetrodigitalUITests" */;
			buildPhases = (
				495531D51C9B20FC00E24C99 /* Sources */,
				495531D61C9B20FC00E24C99 /* Frameworks */,
				495531D71C9B20FC00E24C99 /* Resources */,
			);
			buildRules = (
			);
			dependencies = (
				495531DB1C9B20FC00E24C99 /* PBXTargetDependency */,
			);
			name = velocimetrodigitalUITests;
			productName = velocimetrodigitalUITests;
			productReference = 495531D91C9B20FC00E24C99 /* velocimetrodigitalUITests.xctest */;
			productType = "com.apple.product-type.bundle.ui-testing";
		};
/* End PBXNativeTarget section */

/* Begin PBXProject section */
		495531B21C9B20F800E24C99 /* Project object */ = {
			isa = PBXProject;
			attributes = {
				LastSwiftUpdateCheck = 0730;
				LastUpgradeCheck = 0730;
				ORGANIZATIONNAME = MIGUEL;
				TargetAttributes = {
					495531B91C9B20F900E24C99 = {
						CreatedOnToolsVersion = 7.3;
					};
					495531CD1C9B20FC00E24C99 = {
						CreatedOnToolsVersion = 7.3;
						TestTargetID = 495531B91C9B20F900E24C99;
					};
					495531D81C9B20FC00E24C99 = {
						CreatedOnToolsVersion = 7.3;
						TestTargetID = 495531B91C9B20F900E24C99;
					};
				};
			};
			buildConfigurationList = 495531B51C9B20F800E24C99 /* Build configuration list for PBXProject "velocimetrodigital" */;
			compatibilityVersion = "Xcode 3.2";
			developmentRegion = English;
			hasScannedForEncodings = 0;
			knownRegions = (
				en,
				Base,
			);
			mainGroup = 495531B11C9B20F800E24C99;
			productRefGroup = 495531BB1C9B20FA00E24C99 /* Products */;
			projectDirPath = "";
			projectRoot = "";
			targets = (
				495531B91C9B20F900E24C99 /* velocimetrodigital */,
				495531CD1C9B20FC00E24C99 /* velocimetrodigitalTests */,
				495531D81C9B20FC00E24C99 /* velocimetrodigitalUITests */,
			);
		};
/* End PBXProject section */

/* Begin PBXResourcesBuildPhase section */
		495531B81C9B20F900E24C99 /* Resources */ = {
			isa = PBXResourcesBuildPhase;
			buildActionMask = 2147483647;
			files = (
				495531C81C9B20FB00E24C99 /* LaunchScreen.storyboard in Resources */,
				495531C51C9B20FB00E24C99 /* Assets.xcassets in Resources */,
				495531C31C9B20FB00E24C99 /* Main.storyboard in Resources */,
			);
			runOnlyForDeploymentPostprocessing = 0;
		};
		495531CC1C9B20FC00E24C99 /* Resources */ = {
			isa = PBXResourcesBuildPhase;
			buildActionMask = 2147483647;
			files = (
			);
			runOnlyForDeploymentPostprocessing = 0;
		};
		495531D71C9B20FC00E24C99 /* Resources */ = {
			isa = PBXResourcesBuildPhase;
			buildActionMask = 2147483647;
			files = (
			);
			runOnlyForDeploymentPostprocessing = 0;
		};
/* End PBXResourcesBuildPhase section */

/* Begin PBXSourcesBuildPhase section */
		495531B61C9B20F900E24C99 /* Sources */ = {
			isa = PBXSourcesBuildPhase;
			buildActionMask = 2147483647;
			files = (
				495531C01C9B20FB00E24C99 /* ViewController.swift in Sources */,
				495531BE1C9B20FB00E24C99 /* AppDelegate.swift in Sources */,
			);
			runOnlyForDeploymentPostprocessing = 0;
		};
		495531CA1C9B20FC00E24C99 /* Sources */ = {
			isa = PBXSourcesBuildPhase;
			buildActionMask = 2147483647;
			files = (
				495531D31C9B20FC00E24C99 /* velocimetrodigitalTests.swift in Sources */,
			);
			runOnlyForDeploymentPostprocessing = 0;
		};
		495531D51C9B20FC00E24C99 /* Sources */ = {
			isa = PBXSourcesBuildPhase;
			buildActionMask = 2147483647;
			files = (
				495531DE1C9B20FC00E24C99 /* velocimetrodigitalUITests.swift in Sources */,
			);
			runOnlyForDeploymentPostprocessing = 0;
		};
/* End PBXSourcesBuildPhase section */

/* Begin PBXTargetDependency section */
		495531D01C9B20FC00E24C99 /* PBXTargetDependency */ = {
			isa = PBXTargetDependency;
			target = 495531B91C9B20F900E24C99 /* velocimetrodigital */;
			targetProxy = 495531CF1C9B20FC00E24C99 /* PBXContainerItemProxy */;
		};
		495531DB1C9B20FC00E24C99 /* PBXTargetDependency */ = {
			isa = PBXTargetDependency;
			target = 495531B91C9B20F900E24C99 /* velocimetrodigital */;
			targetProxy = 495531DA1C9B20FC00E24C99 /* PBXContainerItemProxy */;
		};
/* End PBXTargetDependency section */

/* Begin PBXVariantGroup section */
		495531C11C9B20FB00E24C99 /* Main.storyboard */ = {
			isa = PBXVariantGroup;
			children = (
				495531C21C9B20FB00E24C99 /* Base */,
			);
			name = Main.storyboard;
			sourceTree = "<group>";
		};
		495531C61C9B20FB00E24C99 /* LaunchScreen.storyboard */ = {
			isa = PBXVariantGroup;
			children = (
				495531C71C9B20FB00E24C99 /* Base */,
			);
			name = LaunchScreen.storyboard;
			sourceTree = "<group>";
		};
/* End PBXVariantGroup section */

/* Begin XCBuildConfiguration section */
		495531E01C9B20FC00E24C99 /* Debug */ = {
			isa = XCBuildConfiguration;
			buildSettings = {
				ALWAYS_SEARCH_USER_PATHS = NO;
				CLANG_ANALYZER_NONNULL = YES;
				CLANG_CXX_LANGUAGE_STANDARD = "gnu++0x";
				CLANG_CXX_LIBRARY = "libc++";
				CLANG_ENABLE_MODULES = YES;
				CLANG_ENABLE_OBJC_ARC = YES;
				CLANG_WARN_BOOL_CONVERSION = YES;
				CLANG_WARN_CONSTANT_CONVERSION = YES;
				CLANG_WARN_DIRECT_OBJC_ISA_USAGE = YES_ERROR;
				CLANG_WARN_EMPTY_BODY = YES;
				CLANG_WARN_ENUM_CONVERSION = YES;
				CLANG_WARN_INT_CONVERSION = YES;
				CLANG_WARN_OBJC_ROOT_CLASS = YES_ERROR;
				CLANG_WARN_UNREACHABLE_CODE = YES;
				CLANG_WARN__DUPLICATE_METHOD_MATCH = YES;
				"CODE_SIGN_IDENTITY[sdk=iphoneos*]" = "iPhone Developer";
				COPY_PHASE_STRIP = NO;
				DEBUG_INFORMATION_FORMAT = dwarf;
				ENABLE_STRICT_OBJC_MSGSEND = YES;
				ENABLE_TESTABILITY = YES;
				GCC_C_LANGUAGE_STANDARD = gnu99;
				GCC_DYNAMIC_NO_PIC = NO;
				GCC_NO_COMMON_BLOCKS = YES;
				GCC_OPTIMIZATION_LEVEL = 0;
				GCC_PREPROCESSOR_DEFINITIONS = (
					"DEBUG=1",
					"$(inherited)",
				);
				GCC_WARN_64_TO_32_BIT_CONVERSION = YES;
				GCC_WARN_ABOUT_RETURN_TYPE = YES_ERROR;
				GCC_WARN_UNDECLARED_SELECTOR = YES;
				GCC_WARN_UNINITIALIZED_AUTOS = YES_AGGRESSIVE;
				GCC_WARN_UNUSED_FUNCTION = YES;
				GCC_WARN_UNUSED_VARIABLE = YES;
				IPHONEOS_DEPLOYMENT_TARGET = 9.3;
				MTL_ENABLE_DEBUG_INFO = YES;
				ONLY_ACTIVE_ARCH = YES;
				SDKROOT = iphoneos;
				SWIFT_OPTIMIZATION_LEVEL = "-Onone";
			};
			name = Debug;
		};
		495531E11C9B20FC00E24C99 /* Release */ = {
			isa = XCBuildConfiguration;
			buildSettings = {
				ALWAYS_SEARCH_USER_PATHS = NO;
				CLANG_ANALYZER_NONNULL = YES;
				CLANG_CXX_LANGUAGE_STANDARD = "gnu++0x";
				CLANG_CXX_LIBRARY = "libc++";
				CLANG_ENABLE_MODULES = YES;
				CLANG_ENABLE_OBJC_ARC = YES;
				CLANG_WARN_BOOL_CONVERSION = YES;
				CLANG_WARN_CONSTANT_CONVERSION = YES;
				CLANG_WARN_DIRECT_OBJC_ISA_USAGE = YES_ERROR;
				CLANG_WARN_EMPTY_BODY = YES;
				CLANG_WARN_ENUM_CONVERSION = YES;
				CLANG_WARN_INT_CONVERSION = YES;
				CLANG_WARN_OBJC_ROOT_CLASS = YES_ERROR;
				CLANG_WARN_UNREACHABLE_CODE = YES;
				CLANG_WARN__DUPLICATE_METHOD_MATCH = YES;
				"CODE_SIGN_IDENTITY[sdk=iphoneos*]" = "iPhone Developer";
				COPY_PHASE_STRIP = NO;
				DEBUG_INFORMATION_FORMAT = "dwarf-with-dsym";
				ENABLE_NS_ASSERTIONS = NO;
				ENABLE_STRICT_OBJC_MSGSEND = YES;
				GCC_C_LANGUAGE_STANDARD = gnu99;
				GCC_NO_COMMON_BLOCKS = YES;
				GCC_WARN_64_TO_32_BIT_CONVERSION = YES;
				GCC_WARN_ABOUT_RETURN_TYPE = YES_ERROR;
				GCC_WARN_UNDECLARED_SELECTOR = YES;
				GCC_WARN_UNINITIALIZED_AUTOS = YES_AGGRESSIVE;
				GCC_WARN_UNUSED_FUNCTION = YES;
				GCC_WARN_UNUSED_VARIABLE = YES;
				IPHONEOS_DEPLOYMENT_TARGET = 9.3;
				MTL_ENABLE_DEBUG_INFO = NO;
				SDKROOT = iphoneos;
				VALIDATE_PRODUCT = YES;
			};
			name = Release;
		};
		495531E31C9B20FC00E24C99 /* Debug */ = {
			isa = XCBuildConfiguration;
			buildSettings = {
				ASSETCATALOG_COMPILER_APPICON_NAME = AppIcon;
				INFOPLIST_FILE = velocimetrodigital/Info.plist;
				LD_RUNPATH_SEARCH_PATHS = "$(inherited) @executable_path/Frameworks";
				PRODUCT_BUNDLE_IDENTIFIER = com.velocimetrodigital;
				PRODUCT_NAME = "$(TARGET_NAME)";
			};
			name = Debug;
		};
		495531E41C9B20FC00E24C99 /* Release */ = {
			isa = XCBuildConfiguration;
			buildSettings = {
				ASSETCATALOG_COMPILER_APPICON_NAME = AppIcon;
				INFOPLIST_FILE = velocimetrodigital/Info.plist;
				LD_RUNPATH_SEARCH_PATHS = "$(inherited) @executable_path/Frameworks";
				PRODUCT_BUNDLE_IDENTIFIER = com.velocimetrodigital;
				PRODUCT_NAME = "$(TARGET_NAME)";
			};
			name = Release;
		};
		495531E61C9B20FC00E24C99 /* Debug */ = {
			isa = XCBuildConfiguration;
			buildSettings = {
				BUNDLE_LOADER = "$(TEST_HOST)";
				INFOPLIST_FILE = velocimetrodigitalTests/Info.plist;
				LD_RUNPATH_SEARCH_PATHS = "$(inherited) @executable_path/Frameworks @loader_path/Frameworks";
				PRODUCT_BUNDLE_IDENTIFIER = com.velocimetrodigitalTests;
				PRODUCT_NAME = "$(TARGET_NAME)";
				TEST_HOST = "$(BUILT_PRODUCTS_DIR)/velocimetrodigital.app/velocimetrodigital";
			};
			name = Debug;
		};
		495531E71C9B20FC00E24C99 /* Release */ = {
			isa = XCBuildConfiguration;
			buildSettings = {
				BUNDLE_LOADER = "$(TEST_HOST)";
				INFOPLIST_FILE = velocimetrodigitalTests/Info.plist;
				LD_RUNPATH_SEARCH_PATHS = "$(inherited) @executable_path/Frameworks @loader_path/Frameworks";
				PRODUCT_BUNDLE_IDENTIFIER = com.velocimetrodigitalTests;
				PRODUCT_NAME = "$(TARGET_NAME)";
				TEST_HOST = "$(BUILT_PRODUCTS_DIR)/velocimetrodigital.app/velocimetrodigital";
			};
			name = Release;
		};
		495531E91C9B20FC00E24C99 /* Debug */ = {
			isa = XCBuildConfiguration;
			buildSettings = {
				INFOPLIST_FILE = velocimetrodigitalUITests/Info.plist;
				LD_RUNPATH_SEARCH_PATHS = "$(inherited) @executable_path/Frameworks @loader_path/Frameworks";
				PRODUCT_BUNDLE_IDENTIFIER = com.velocimetrodigitalUITests;
				PRODUCT_NAME = "$(TARGET_NAME)";
				TEST_TARGET_NAME = velocimetrodigital;
			};
			name = Debug;
		};
		495531EA1C9B20FC00E24C99 /* Release */ = {
			isa = XCBuildConfiguration;
			buildSettings = {
				INFOPLIST_FILE = velocimetrodigitalUITests/Info.plist;
				LD_RUNPATH_SEARCH_PATHS = "$(inherited) @executable_path/Frameworks @loader_path/Frameworks";
				PRODUCT_BUNDLE_IDENTIFIER = com.velocimetrodigitalUITests;
				PRODUCT_NAME = "$(TARGET_NAME)";
				TEST_TARGET_NAME = velocimetrodigital;
			};
			name = Release;
		};
/* End XCBuildConfiguration section */

/* Begin XCConfigurationList section */
		495531B51C9B20F800E24C99 /* Build configuration list for PBXProject "velocimetrodigital" */ = {
			isa = XCConfigurationList;
			buildConfigurations = (
				495531E01C9B20FC00E24C99 /* Debug */,
				495531E11C9B20FC00E24C99 /* Release */,
			);
			defaultConfigurationIsVisible = 0;
			defaultConfigurationName = Release;
		};
		495531E21C9B20FC00E24C99 /* Build configuration list for PBXNativeTarget "velocimetrodigital" */ = {
			isa = XCConfigurationList;
			buildConfigurations = (
				495531E31C9B20FC00E24C99 /* Debug */,
				495531E41C9B20FC00E24C99 /* Release */,
			);
			defaultConfigurationIsVisible = 0;
		};
		495531E51C9B20FC00E24C99 /* Build configuration list for PBXNativeTarget "velocimetrodigitalTests" */ = {
			isa = XCConfigurationList;
			buildConfigurations = (
				495531E61C9B20FC00E24C99 /* Debug */,
				495531E71C9B20FC00E24C99 /* Release */,
			);
			defaultConfigurationIsVisible = 0;
		};
		495531E81C9B20FC00E24C99 /* Build configuration list for PBXNativeTarget "velocimetrodigitalUITests" */ = {
			isa = XCConfigurationList;
			buildConfigurations = (
				495531E91C9B20FC00E24C99 /* Debug */,
				495531EA1C9B20FC00E24C99 /* Release */,
			);
			defaultConfigurationIsVisible = 0;
		};
/* End XCConfigurationList section */
	};
	rootObject = 495531B21C9B20F800E24C99 /* Project object */;
}
